// !$*UTF8*$!
{
	archiveVersion = 1;
	classes = {
	};
	objectVersion = 77;
	objects = {

/* Begin PBXBuildFile section */
		9E7A6FAF2C9A2D710039C592 /* GameScene.swift in Sources */ = {isa = PBXBuildFile; fileRef = 9E7A6FAE2C9A2D710039C592 /* GameScene.swift */; };
		9E7A6FB02C9A2D710039C592 /* Actions.sks in Resources */ = {isa = PBXBuildFile; fileRef = 9E7A6FAB2C9A2D710039C592 /* Actions.sks */; };
		9E7A6FB12C9A2D710039C592 /* GameScene.sks in Resources */ = {isa = PBXBuildFile; fileRef = 9E7A6FAD2C9A2D710039C592 /* GameScene.sks */; };
		9E7A6FB22C9A2D710039C592 /* Assets.xcassets in Resources */ = {isa = PBXBuildFile; fileRef = 9E7A6FAC2C9A2D710039C592 /* Assets.xcassets */; };
		9E7A6FBE2C9A2E140039C592 /* GameContext.swift in Sources */ = {isa = PBXBuildFile; fileRef = 9E7A6FBD2C9A2E130039C592 /* GameContext.swift */; };
		9E7A6FD02C9A345E0039C592 /* StartState.swift in Sources */ = {isa = PBXBuildFile; fileRef = 9E7A6FCA2C9A30980039C592 /* StartState.swift */; };
		9E7A6FD12C9A346D0039C592 /* GameOverState.swift in Sources */ = {isa = PBXBuildFile; fileRef = 9E7A6FCB2C9A30A00039C592 /* GameOverState.swift */; };
		9E7A6FD22C9A346D0039C592 /* ShootingState.swift in Sources */ = {isa = PBXBuildFile; fileRef = 9E7A6FCD2C9A30C60039C592 /* ShootingState.swift */; };
		9E7A6FD32C9A346D0039C592 /* ResolveShotState.swift in Sources */ = {isa = PBXBuildFile; fileRef = 9E7A6FCC2C9A30AA0039C592 /* ResolveShotState.swift */; };
		9E7A6FD42C9A346D0039C592 /* IdleState.swift in Sources */ = {isa = PBXBuildFile; fileRef = 9E7A6FCE2C9A30DE0039C592 /* IdleState.swift */; };
		9E7A6FD62C9A34720039C592 /* PhysicsCategory.swift in Sources */ = {isa = PBXBuildFile; fileRef = 9E7A6FC72C9A2FE40039C592 /* PhysicsCategory.swift */; };
		9E7A6FD72C9A347A0039C592 /* GameInfo.swift in Sources */ = {isa = PBXBuildFile; fileRef = 9E7A6FC82C9A30030039C592 /* GameInfo.swift */; };
		9E7A6FD82C9A347A0039C592 /* LayoutInfo.swift in Sources */ = {isa = PBXBuildFile; fileRef = 9E7A6FC92C9A300A0039C592 /* LayoutInfo.swift */; };
		9E7A6FD92C9A347F0039C592 /* BallNode.swift in Sources */ = {isa = PBXBuildFile; fileRef = 9E7A6FC32C9A2FA50039C592 /* BallNode.swift */; };
		9E7A6FDA2C9A347F0039C592 /* BlockNode.swift in Sources */ = {isa = PBXBuildFile; fileRef = 9E7A6FC42C9A2FAC0039C592 /* BlockNode.swift */; };
		9E7A6FDB2C9A347F0039C592 /* PowerUpNode.swift in Sources */ = {isa = PBXBuildFile; fileRef = 9E7A6FC52C9A2FBB0039C592 /* PowerUpNode.swift */; };
		9E7A6FDD2C9A36490039C592 /* BallType.swift in Sources */ = {isa = PBXBuildFile; fileRef = 9E7A6FDC2C9A36460039C592 /* BallType.swift */; };
		9E7A6FDF2C9A36CF0039C592 /* TargetLineNode.swift in Sources */ = {isa = PBXBuildFile; fileRef = 9E7A6FDE2C9A36CB0039C592 /* TargetLineNode.swift */; };
		9E7A6FE12C9A36DD0039C592 /* GameStatsNode.swift in Sources */ = {isa = PBXBuildFile; fileRef = 9E7A6FE02C9A36DA0039C592 /* GameStatsNode.swift */; };
		9E7A6FE32C9A36E60039C592 /* BackgroundNode.swift in Sources */ = {isa = PBXBuildFile; fileRef = 9E7A6FE22C9A36E30039C592 /* BackgroundNode.swift */; };
		9E7A6FE52C9A37110039C592 /* ballsApp.swift in Sources */ = {isa = PBXBuildFile; fileRef = 9E7A6FE42C9A370D0039C592 /* ballsApp.swift */; };
		9E7A6FE72C9A37200039C592 /* ContentView.swift in Sources */ = {isa = PBXBuildFile; fileRef = 9E7A6FE62C9A371F0039C592 /* ContentView.swift */; };
		9E7A6FE92C9A39B30039C592 /* PlayAreaNode.swift in Sources */ = {isa = PBXBuildFile; fileRef = 9E7A6FE82C9A39AF0039C592 /* PlayAreaNode.swift */; };
		9E7A6FEB2C9A39CF0039C592 /* BallCountNode.swift in Sources */ = {isa = PBXBuildFile; fileRef = 9E7A6FEA2C9A39CC0039C592 /* BallCountNode.swift */; };
		9E7A6FED2C9A39D80039C592 /* ShooterNode.swift in Sources */ = {isa = PBXBuildFile; fileRef = 9E7A6FEC2C9A39D20039C592 /* ShooterNode.swift */; };
		9E7A6FF12C9A85E10039C592 /* FastForwardNode.swift in Sources */ = {isa = PBXBuildFile; fileRef = 9E7A6FF02C9A85DD0039C592 /* FastForwardNode.swift */; };
		9E7A6FF32C9A93C90039C592 /* BonusBallNode.swift in Sources */ = {isa = PBXBuildFile; fileRef = 9E7A6FF22C9A93C50039C592 /* BonusBallNode.swift */; };
		9E7A6FF72C9B81F60039C592 /* PowerUpSlotNode.swift in Sources */ = {isa = PBXBuildFile; fileRef = 9E7A6FF62C9B81F60039C592 /* PowerUpSlotNode.swift */; };
/* End PBXBuildFile section */

/* Begin PBXFileReference section */
		9E7A6F942C9A2C280039C592 /* balls.app */ = {isa = PBXFileReference; explicitFileType = wrapper.application; includeInIndex = 0; path = balls.app; sourceTree = BUILT_PRODUCTS_DIR; };
		9E7A6FAB2C9A2D710039C592 /* Actions.sks */ = {isa = PBXFileReference; lastKnownFileType = file.sks; path = Actions.sks; sourceTree = "<group>"; };
		9E7A6FAC2C9A2D710039C592 /* Assets.xcassets */ = {isa = PBXFileReference; lastKnownFileType = folder.assetcatalog; path = Assets.xcassets; sourceTree = "<group>"; };
		9E7A6FAD2C9A2D710039C592 /* GameScene.sks */ = {isa = PBXFileReference; lastKnownFileType = file.sks; path = GameScene.sks; sourceTree = "<group>"; };
		9E7A6FAE2C9A2D710039C592 /* GameScene.swift */ = {isa = PBXFileReference; lastKnownFileType = sourcecode.swift; path = GameScene.swift; sourceTree = "<group>"; };
		9E7A6FBD2C9A2E130039C592 /* GameContext.swift */ = {isa = PBXFileReference; lastKnownFileType = sourcecode.swift; path = GameContext.swift; sourceTree = "<group>"; };
		9E7A6FC32C9A2FA50039C592 /* BallNode.swift */ = {isa = PBXFileReference; lastKnownFileType = sourcecode.swift; path = BallNode.swift; sourceTree = "<group>"; };
		9E7A6FC42C9A2FAC0039C592 /* BlockNode.swift */ = {isa = PBXFileReference; lastKnownFileType = sourcecode.swift; path = BlockNode.swift; sourceTree = "<group>"; };
		9E7A6FC52C9A2FBB0039C592 /* PowerUpNode.swift */ = {isa = PBXFileReference; lastKnownFileType = sourcecode.swift; path = PowerUpNode.swift; sourceTree = "<group>"; };
		9E7A6FC72C9A2FE40039C592 /* PhysicsCategory.swift */ = {isa = PBXFileReference; lastKnownFileType = sourcecode.swift; path = PhysicsCategory.swift; sourceTree = "<group>"; };
		9E7A6FC82C9A30030039C592 /* GameInfo.swift */ = {isa = PBXFileReference; lastKnownFileType = sourcecode.swift; path = GameInfo.swift; sourceTree = "<group>"; };
		9E7A6FC92C9A300A0039C592 /* LayoutInfo.swift */ = {isa = PBXFileReference; lastKnownFileType = sourcecode.swift; path = LayoutInfo.swift; sourceTree = "<group>"; };
		9E7A6FCA2C9A30980039C592 /* StartState.swift */ = {isa = PBXFileReference; lastKnownFileType = sourcecode.swift; path = StartState.swift; sourceTree = "<group>"; };
		9E7A6FCB2C9A30A00039C592 /* GameOverState.swift */ = {isa = PBXFileReference; lastKnownFileType = sourcecode.swift; path = GameOverState.swift; sourceTree = "<group>"; };
		9E7A6FCC2C9A30AA0039C592 /* ResolveShotState.swift */ = {isa = PBXFileReference; lastKnownFileType = sourcecode.swift; path = ResolveShotState.swift; sourceTree = "<group>"; };
		9E7A6FCD2C9A30C60039C592 /* ShootingState.swift */ = {isa = PBXFileReference; lastKnownFileType = sourcecode.swift; path = ShootingState.swift; sourceTree = "<group>"; };
		9E7A6FCE2C9A30DE0039C592 /* IdleState.swift */ = {isa = PBXFileReference; lastKnownFileType = sourcecode.swift; path = IdleState.swift; sourceTree = "<group>"; };
		9E7A6FDC2C9A36460039C592 /* BallType.swift */ = {isa = PBXFileReference; lastKnownFileType = sourcecode.swift; path = BallType.swift; sourceTree = "<group>"; };
		9E7A6FDE2C9A36CB0039C592 /* TargetLineNode.swift */ = {isa = PBXFileReference; lastKnownFileType = sourcecode.swift; path = TargetLineNode.swift; sourceTree = "<group>"; };
		9E7A6FE02C9A36DA0039C592 /* GameStatsNode.swift */ = {isa = PBXFileReference; lastKnownFileType = sourcecode.swift; path = GameStatsNode.swift; sourceTree = "<group>"; };
		9E7A6FE22C9A36E30039C592 /* BackgroundNode.swift */ = {isa = PBXFileReference; lastKnownFileType = sourcecode.swift; path = BackgroundNode.swift; sourceTree = "<group>"; };
		9E7A6FE42C9A370D0039C592 /* ballsApp.swift */ = {isa = PBXFileReference; lastKnownFileType = sourcecode.swift; path = ballsApp.swift; sourceTree = "<group>"; };
		9E7A6FE62C9A371F0039C592 /* ContentView.swift */ = {isa = PBXFileReference; lastKnownFileType = sourcecode.swift; path = ContentView.swift; sourceTree = "<group>"; };
		9E7A6FE82C9A39AF0039C592 /* PlayAreaNode.swift */ = {isa = PBXFileReference; lastKnownFileType = sourcecode.swift; path = PlayAreaNode.swift; sourceTree = "<group>"; };
		9E7A6FEA2C9A39CC0039C592 /* BallCountNode.swift */ = {isa = PBXFileReference; lastKnownFileType = sourcecode.swift; path = BallCountNode.swift; sourceTree = "<group>"; };
		9E7A6FEC2C9A39D20039C592 /* ShooterNode.swift */ = {isa = PBXFileReference; lastKnownFileType = sourcecode.swift; path = ShooterNode.swift; sourceTree = "<group>"; };
		9E7A6FF02C9A85DD0039C592 /* FastForwardNode.swift */ = {isa = PBXFileReference; lastKnownFileType = sourcecode.swift; path = FastForwardNode.swift; sourceTree = "<group>"; };
		9E7A6FF22C9A93C50039C592 /* BonusBallNode.swift */ = {isa = PBXFileReference; lastKnownFileType = sourcecode.swift; path = BonusBallNode.swift; sourceTree = "<group>"; };
		9E7A6FF62C9B81F60039C592 /* PowerUpSlotNode.swift */ = {isa = PBXFileReference; lastKnownFileType = sourcecode.swift; path = PowerUpSlotNode.swift; sourceTree = "<group>"; };
/* End PBXFileReference section */

/* Begin PBXFrameworksBuildPhase section */
		9E7A6F912C9A2C280039C592 /* Frameworks */ = {
			isa = PBXFrameworksBuildPhase;
			buildActionMask = 2147483647;
			files = (
			);
			runOnlyForDeploymentPostprocessing = 0;
		};
/* End PBXFrameworksBuildPhase section */

/* Begin PBXGroup section */
		9E7A6F862C9A2C260039C592 = {
			isa = PBXGroup;
			children = (
				9E7A6FAC2C9A2D710039C592 /* Assets.xcassets */,
				9E7A6FAB2C9A2D710039C592 /* Actions.sks */,
				9E7A6FAD2C9A2D710039C592 /* GameScene.sks */,
				9E7A6FC62C9A2FDC0039C592 /* Models */,
				9E7A6FC12C9A2EB40039C592 /* Helpers */,
				9E7A6FC02C9A2E470039C592 /* Nodes */,
				9E7A6FBF2C9A2E400039C592 /* States */,
				9E7A6FE42C9A370D0039C592 /* ballsApp.swift */,
				9E7A6FE62C9A371F0039C592 /* ContentView.swift */,
				9E7A6FBD2C9A2E130039C592 /* GameContext.swift */,
				9E7A6FAE2C9A2D710039C592 /* GameScene.swift */,
				9E7A6F952C9A2C280039C592 /* Products */,
			);
			sourceTree = "<group>";
		};
		9E7A6F952C9A2C280039C592 /* Products */ = {
			isa = PBXGroup;
			children = (
				9E7A6F942C9A2C280039C592 /* balls.app */,
			);
			name = Products;
			sourceTree = "<group>";
		};
		9E7A6FBF2C9A2E400039C592 /* States */ = {
			isa = PBXGroup;
			children = (
				9E7A6FCA2C9A30980039C592 /* StartState.swift */,
				9E7A6FCE2C9A30DE0039C592 /* IdleState.swift */,
				9E7A6FCD2C9A30C60039C592 /* ShootingState.swift */,
				9E7A6FCC2C9A30AA0039C592 /* ResolveShotState.swift */,
				9E7A6FCB2C9A30A00039C592 /* GameOverState.swift */,
			);
			path = States;
			sourceTree = "<group>";
		};
		9E7A6FC02C9A2E470039C592 /* Nodes */ = {
			isa = PBXGroup;
			children = (
				9E7A6FE82C9A39AF0039C592 /* PlayAreaNode.swift */,
				9E7A6FE22C9A36E30039C592 /* BackgroundNode.swift */,
				9E7A6FE02C9A36DA0039C592 /* GameStatsNode.swift */,
				9E7A6FEA2C9A39CC0039C592 /* BallCountNode.swift */,
				9E7A6FF02C9A85DD0039C592 /* FastForwardNode.swift */,
				9E7A6FEC2C9A39D20039C592 /* ShooterNode.swift */,
				9E7A6FDE2C9A36CB0039C592 /* TargetLineNode.swift */,
				9E7A6FC42C9A2FAC0039C592 /* BlockNode.swift */,
				9E7A6FC32C9A2FA50039C592 /* BallNode.swift */,
				9E7A6FF22C9A93C50039C592 /* BonusBallNode.swift */,
				9E7A6FC52C9A2FBB0039C592 /* PowerUpNode.swift */,
				9E7A6FF62C9B81F60039C592 /* PowerUpSlotNode.swift */,
			);
			path = Nodes;
			sourceTree = "<group>";
		};
		9E7A6FC12C9A2EB40039C592 /* Helpers */ = {
			isa = PBXGroup;
			children = (
				9E7A6FC92C9A300A0039C592 /* LayoutInfo.swift */,
				9E7A6FC82C9A30030039C592 /* GameInfo.swift */,
			);
			path = Helpers;
			sourceTree = "<group>";
		};
		9E7A6FC62C9A2FDC0039C592 /* Models */ = {
			isa = PBXGroup;
			children = (
				9E7A6FC72C9A2FE40039C592 /* PhysicsCategory.swift */,
				9E7A6FDC2C9A36460039C592 /* BallType.swift */,
			);
			path = Models;
			sourceTree = "<group>";
		};
/* End PBXGroup section */

/* Begin PBXNativeTarget section */
		9E7A6F932C9A2C280039C592 /* balls iOS */ = {
			isa = PBXNativeTarget;
			buildConfigurationList = 9E7A6FA62C9A2C280039C592 /* Build configuration list for PBXNativeTarget "balls iOS" */;
			buildPhases = (
				9E7A6F902C9A2C280039C592 /* Sources */,
				9E7A6F912C9A2C280039C592 /* Frameworks */,
				9E7A6F922C9A2C280039C592 /* Resources */,
			);
			buildRules = (
			);
			dependencies = (
			);
			name = "balls iOS";
			packageProductDependencies = (
			);
			productName = "balls iOS";
			productReference = 9E7A6F942C9A2C280039C592 /* balls.app */;
			productType = "com.apple.product-type.application";
		};
/* End PBXNativeTarget section */

/* Begin PBXProject section */
		9E7A6F872C9A2C260039C592 /* Project object */ = {
			isa = PBXProject;
			attributes = {
				BuildIndependentTargetsInParallel = 1;
				LastSwiftUpdateCheck = 1600;
				LastUpgradeCheck = 1600;
				TargetAttributes = {
					9E7A6F932C9A2C280039C592 = {
						CreatedOnToolsVersion = 16.0;
					};
				};
			};
			buildConfigurationList = 9E7A6F8A2C9A2C260039C592 /* Build configuration list for PBXProject "balls" */;
			developmentRegion = en;
			hasScannedForEncodings = 0;
			knownRegions = (
				en,
				Base,
			);
			mainGroup = 9E7A6F862C9A2C260039C592;
			minimizedProjectReferenceProxies = 1;
			preferredProjectObjectVersion = 77;
			productRefGroup = 9E7A6F952C9A2C280039C592 /* Products */;
			projectDirPath = "";
			projectRoot = "";
			targets = (
				9E7A6F932C9A2C280039C592 /* balls iOS */,
			);
		};
/* End PBXProject section */

/* Begin PBXResourcesBuildPhase section */
		9E7A6F922C9A2C280039C592 /* Resources */ = {
			isa = PBXResourcesBuildPhase;
			buildActionMask = 2147483647;
			files = (
				9E7A6FB02C9A2D710039C592 /* Actions.sks in Resources */,
				9E7A6FB12C9A2D710039C592 /* GameScene.sks in Resources */,
				9E7A6FB22C9A2D710039C592 /* Assets.xcassets in Resources */,
			);
			runOnlyForDeploymentPostprocessing = 0;
		};
/* End PBXResourcesBuildPhase section */

/* Begin PBXSourcesBuildPhase section */
		9E7A6F902C9A2C280039C592 /* Sources */ = {
			isa = PBXSourcesBuildPhase;
			buildActionMask = 2147483647;
			files = (
				9E7A6FBE2C9A2E140039C592 /* GameContext.swift in Sources */,
				9E7A6FAF2C9A2D710039C592 /* GameScene.swift in Sources */,
				9E7A6FD12C9A346D0039C592 /* GameOverState.swift in Sources */,
				9E7A6FF12C9A85E10039C592 /* FastForwardNode.swift in Sources */,
				9E7A6FE52C9A37110039C592 /* ballsApp.swift in Sources */,
				9E7A6FED2C9A39D80039C592 /* ShooterNode.swift in Sources */,
				9E7A6FD62C9A34720039C592 /* PhysicsCategory.swift in Sources */,
				9E7A6FE92C9A39B30039C592 /* PlayAreaNode.swift in Sources */,
				9E7A6FDF2C9A36CF0039C592 /* TargetLineNode.swift in Sources */,
				9E7A6FE72C9A37200039C592 /* ContentView.swift in Sources */,
				9E7A6FD72C9A347A0039C592 /* GameInfo.swift in Sources */,
				9E7A6FD82C9A347A0039C592 /* LayoutInfo.swift in Sources */,
				9E7A6FD22C9A346D0039C592 /* ShootingState.swift in Sources */,
				9E7A6FD32C9A346D0039C592 /* ResolveShotState.swift in Sources */,
				9E7A6FF32C9A93C90039C592 /* BonusBallNode.swift in Sources */,
				9E7A6FE32C9A36E60039C592 /* BackgroundNode.swift in Sources */,
				9E7A6FDD2C9A36490039C592 /* BallType.swift in Sources */,
				9E7A6FF72C9B81F60039C592 /* PowerUpSlotNode.swift in Sources */,
				9E7A6FD42C9A346D0039C592 /* IdleState.swift in Sources */,
				9E7A6FD92C9A347F0039C592 /* BallNode.swift in Sources */,
				9E7A6FDA2C9A347F0039C592 /* BlockNode.swift in Sources */,
				9E7A6FE12C9A36DD0039C592 /* GameStatsNode.swift in Sources */,
				9E7A6FDB2C9A347F0039C592 /* PowerUpNode.swift in Sources */,
				9E7A6FEB2C9A39CF0039C592 /* BallCountNode.swift in Sources */,
				9E7A6FD02C9A345E0039C592 /* StartState.swift in Sources */,
			);
			runOnlyForDeploymentPostprocessing = 0;
		};
/* End PBXSourcesBuildPhase section */

/* Begin XCBuildConfiguration section */
		9E7A6FA72C9A2C280039C592 /* Debug */ = {
			isa = XCBuildConfiguration;
			buildSettings = {
				ASSETCATALOG_COMPILER_APPICON_NAME = AppIcon;
				ASSETCATALOG_COMPILER_GLOBAL_ACCENT_COLOR_NAME = AccentColor;
				CODE_SIGN_STYLE = Automatic;
				CURRENT_PROJECT_VERSION = 1;
				DEVELOPMENT_TEAM = AWR22479M4;
				GENERATE_INFOPLIST_FILE = YES;
				INFOPLIST_KEY_UIApplicationSupportsIndirectInputEvents = YES;
				INFOPLIST_KEY_UILaunchStoryboardName = LaunchScreen;
				INFOPLIST_KEY_UIMainStoryboardFile = Main;
				INFOPLIST_KEY_UIStatusBarHidden = YES;
				INFOPLIST_KEY_UISupportedInterfaceOrientations = UIInterfaceOrientationPortrait;
				INFOPLIST_KEY_UISupportedInterfaceOrientations_iPad = "UIInterfaceOrientationLandscapeLeft UIInterfaceOrientationLandscapeRight UIInterfaceOrientationPortrait UIInterfaceOrientationPortraitUpsideDown";
				IPHONEOS_DEPLOYMENT_TARGET = 17.0;
				LD_RUNPATH_SEARCH_PATHS = (
					"$(inherited)",
					"@executable_path/Frameworks",
				);
				MARKETING_VERSION = 1.0;
				PRODUCT_BUNDLE_IDENTIFIER = com.hyel.balls;
				PRODUCT_NAME = balls;
				SDKROOT = iphoneos;
				SWIFT_EMIT_LOC_STRINGS = YES;
				SWIFT_VERSION = 5.0;
				TARGETED_DEVICE_FAMILY = "1,2";
			};
			name = Debug;
		};
		9E7A6FA82C9A2C280039C592 /* Release */ = {
			isa = XCBuildConfiguration;
			buildSettings = {
				ASSETCATALOG_COMPILER_APPICON_NAME = AppIcon;
				ASSETCATALOG_COMPILER_GLOBAL_ACCENT_COLOR_NAME = AccentColor;
				CODE_SIGN_STYLE = Automatic;
				CURRENT_PROJECT_VERSION = 1;
				DEVELOPMENT_TEAM = AWR22479M4;
				GENERATE_INFOPLIST_FILE = YES;
				INFOPLIST_KEY_UIApplicationSupportsIndirectInputEvents = YES;
				INFOPLIST_KEY_UILaunchStoryboardName = LaunchScreen;
				INFOPLIST_KEY_UIMainStoryboardFile = Main;
				INFOPLIST_KEY_UIStatusBarHidden = YES;
				INFOPLIST_KEY_UISupportedInterfaceOrientations = UIInterfaceOrientationPortrait;
				INFOPLIST_KEY_UISupportedInterfaceOrientations_iPad = "UIInterfaceOrientationLandscapeLeft UIInterfaceOrientationLandscapeRight UIInterfaceOrientationPortrait UIInterfaceOrientationPortraitUpsideDown";
				IPHONEOS_DEPLOYMENT_TARGET = 17.0;
				LD_RUNPATH_SEARCH_PATHS = (
					"$(inherited)",
					"@executable_path/Frameworks",
				);
				MARKETING_VERSION = 1.0;
				PRODUCT_BUNDLE_IDENTIFIER = com.hyel.balls;
				PRODUCT_NAME = balls;
				SDKROOT = iphoneos;
				SWIFT_EMIT_LOC_STRINGS = YES;
				SWIFT_VERSION = 5.0;
				TARGETED_DEVICE_FAMILY = "1,2";
				VALIDATE_PRODUCT = YES;
			};
			name = Release;
		};
		9E7A6FA92C9A2C280039C592 /* Debug */ = {
			isa = XCBuildConfiguration;
			buildSettings = {
				ALWAYS_SEARCH_USER_PATHS = NO;
				ASSETCATALOG_COMPILER_GENERATE_SWIFT_ASSET_SYMBOL_EXTENSIONS = YES;
				CLANG_ANALYZER_NONNULL = YES;
				CLANG_ANALYZER_NUMBER_OBJECT_CONVERSION = YES_AGGRESSIVE;
				CLANG_CXX_LANGUAGE_STANDARD = "gnu++20";
				CLANG_ENABLE_MODULES = YES;
				CLANG_ENABLE_OBJC_ARC = YES;
				CLANG_ENABLE_OBJC_WEAK = YES;
				CLANG_WARN_BLOCK_CAPTURE_AUTORELEASING = YES;
				CLANG_WARN_BOOL_CONVERSION = YES;
				CLANG_WARN_COMMA = YES;
				CLANG_WARN_CONSTANT_CONVERSION = YES;
				CLANG_WARN_DEPRECATED_OBJC_IMPLEMENTATIONS = YES;
				CLANG_WARN_DIRECT_OBJC_ISA_USAGE = YES_ERROR;
				CLANG_WARN_DOCUMENTATION_COMMENTS = YES;
				CLANG_WARN_EMPTY_BODY = YES;
				CLANG_WARN_ENUM_CONVERSION = YES;
				CLANG_WARN_INFINITE_RECURSION = YES;
				CLANG_WARN_INT_CONVERSION = YES;
				CLANG_WARN_NON_LITERAL_NULL_CONVERSION = YES;
				CLANG_WARN_OBJC_IMPLICIT_RETAIN_SELF = YES;
				CLANG_WARN_OBJC_LITERAL_CONVERSION = YES;
				CLANG_WARN_OBJC_ROOT_CLASS = YES_ERROR;
				CLANG_WARN_QUOTED_INCLUDE_IN_FRAMEWORK_HEADER = YES;
				CLANG_WARN_RANGE_LOOP_ANALYSIS = YES;
				CLANG_WARN_STRICT_PROTOTYPES = YES;
				CLANG_WARN_SUSPICIOUS_MOVE = YES;
				CLANG_WARN_UNGUARDED_AVAILABILITY = YES_AGGRESSIVE;
				CLANG_WARN_UNREACHABLE_CODE = YES;
				CLANG_WARN__DUPLICATE_METHOD_MATCH = YES;
				COPY_PHASE_STRIP = NO;
				DEBUG_INFORMATION_FORMAT = dwarf;
				ENABLE_STRICT_OBJC_MSGSEND = YES;
				ENABLE_TESTABILITY = YES;
				ENABLE_USER_SCRIPT_SANDBOXING = YES;
				GCC_C_LANGUAGE_STANDARD = gnu17;
				GCC_DYNAMIC_NO_PIC = NO;
				GCC_NO_COMMON_BLOCKS = YES;
				GCC_OPTIMIZATION_LEVEL = 0;
				GCC_PREPROCESSOR_DEFINITIONS = (
					"DEBUG=1",
					"$(inherited)",
				);
				GCC_WARN_64_TO_32_BIT_CONVERSION = YES;
				GCC_WARN_ABOUT_RETURN_TYPE = YES_ERROR;
				GCC_WARN_UNDECLARED_SELECTOR = YES;
				GCC_WARN_UNINITIALIZED_AUTOS = YES_AGGRESSIVE;
				GCC_WARN_UNUSED_FUNCTION = YES;
				GCC_WARN_UNUSED_VARIABLE = YES;
				LOCALIZATION_PREFERS_STRING_CATALOGS = YES;
				MTL_ENABLE_DEBUG_INFO = INCLUDE_SOURCE;
				MTL_FAST_MATH = YES;
				ONLY_ACTIVE_ARCH = YES;
				SWIFT_ACTIVE_COMPILATION_CONDITIONS = "DEBUG $(inherited)";
				SWIFT_OPTIMIZATION_LEVEL = "-Onone";
			};
			name = Debug;
		};
		9E7A6FAA2C9A2C280039C592 /* Release */ = {
			isa = XCBuildConfiguration;
			buildSettings = {
				ALWAYS_SEARCH_USER_PATHS = NO;
				ASSETCATALOG_COMPILER_GENERATE_SWIFT_ASSET_SYMBOL_EXTENSIONS = YES;
				CLANG_ANALYZER_NONNULL = YES;
				CLANG_ANALYZER_NUMBER_OBJECT_CONVERSION = YES_AGGRESSIVE;
				CLANG_CXX_LANGUAGE_STANDARD = "gnu++20";
				CLANG_ENABLE_MODULES = YES;
				CLANG_ENABLE_OBJC_ARC = YES;
				CLANG_ENABLE_OBJC_WEAK = YES;
				CLANG_WARN_BLOCK_CAPTURE_AUTORELEASING = YES;
				CLANG_WARN_BOOL_CONVERSION = YES;
				CLANG_WARN_COMMA = YES;
				CLANG_WARN_CONSTANT_CONVERSION = YES;
				CLANG_WARN_DEPRECATED_OBJC_IMPLEMENTATIONS = YES;
				CLANG_WARN_DIRECT_OBJC_ISA_USAGE = YES_ERROR;
				CLANG_WARN_DOCUMENTATION_COMMENTS = YES;
				CLANG_WARN_EMPTY_BODY = YES;
				CLANG_WARN_ENUM_CONVERSION = YES;
				CLANG_WARN_INFINITE_RECURSION = YES;
				CLANG_WARN_INT_CONVERSION = YES;
				CLANG_WARN_NON_LITERAL_NULL_CONVERSION = YES;
				CLANG_WARN_OBJC_IMPLICIT_RETAIN_SELF = YES;
				CLANG_WARN_OBJC_LITERAL_CONVERSION = YES;
				CLANG_WARN_OBJC_ROOT_CLASS = YES_ERROR;
				CLANG_WARN_QUOTED_INCLUDE_IN_FRAMEWORK_HEADER = YES;
				CLANG_WARN_RANGE_LOOP_ANALYSIS = YES;
				CLANG_WARN_STRICT_PROTOTYPES = YES;
				CLANG_WARN_SUSPICIOUS_MOVE = YES;
				CLANG_WARN_UNGUARDED_AVAILABILITY = YES_AGGRESSIVE;
				CLANG_WARN_UNREACHABLE_CODE = YES;
				CLANG_WARN__DUPLICATE_METHOD_MATCH = YES;
				COPY_PHASE_STRIP = NO;
				DEBUG_INFORMATION_FORMAT = "dwarf-with-dsym";
				ENABLE_NS_ASSERTIONS = NO;
				ENABLE_STRICT_OBJC_MSGSEND = YES;
				ENABLE_USER_SCRIPT_SANDBOXING = YES;
				GCC_C_LANGUAGE_STANDARD = gnu17;
				GCC_NO_COMMON_BLOCKS = YES;
				GCC_WARN_64_TO_32_BIT_CONVERSION = YES;
				GCC_WARN_ABOUT_RETURN_TYPE = YES_ERROR;
				GCC_WARN_UNDECLARED_SELECTOR = YES;
				GCC_WARN_UNINITIALIZED_AUTOS = YES_AGGRESSIVE;
				GCC_WARN_UNUSED_FUNCTION = YES;
				GCC_WARN_UNUSED_VARIABLE = YES;
				LOCALIZATION_PREFERS_STRING_CATALOGS = YES;
				MTL_ENABLE_DEBUG_INFO = NO;
				MTL_FAST_MATH = YES;
				SWIFT_COMPILATION_MODE = wholemodule;
			};
			name = Release;
		};
/* End XCBuildConfiguration section */

/* Begin XCConfigurationList section */
		9E7A6F8A2C9A2C260039C592 /* Build configuration list for PBXProject "balls" */ = {
			isa = XCConfigurationList;
			buildConfigurations = (
				9E7A6FA92C9A2C280039C592 /* Debug */,
				9E7A6FAA2C9A2C280039C592 /* Release */,
			);
			defaultConfigurationIsVisible = 0;
			defaultConfigurationName = Release;
		};
		9E7A6FA62C9A2C280039C592 /* Build configuration list for PBXNativeTarget "balls iOS" */ = {
			isa = XCConfigurationList;
			buildConfigurations = (
				9E7A6FA72C9A2C280039C592 /* Debug */,
				9E7A6FA82C9A2C280039C592 /* Release */,
			);
			defaultConfigurationIsVisible = 0;
			defaultConfigurationName = Release;
		};
/* End XCConfigurationList section */
	};
	rootObject = 9E7A6F872C9A2C260039C592 /* Project object */;
}
