// !$*UTF8*$!
{
	archiveVersion = 1;
	classes = {
	};
	objectVersion = 77;
	objects = {

/* Begin PBXBuildFile section */
		9E1313C22C9CCA2D006B9F2A /* FSBlockExplosionEmitter.sks in Resources */ = {isa = PBXBuildFile; fileRef = 9E1313C02C9CCA2D006B9F2A /* FSBlockExplosionEmitter.sks */; };
		9E7A6FAF2C9A2D710039C592 /* FSGameScene.swift in Sources */ = {isa = PBXBuildFile; fileRef = 9E7A6FAE2C9A2D710039C592 /* FSGameScene.swift */; };
		9E7A6FB22C9A2D710039C592 /* Assets.xcassets in Resources */ = {isa = PBXBuildFile; fileRef = 9E7A6FAC2C9A2D710039C592 /* Assets.xcassets */; };
		9E7A6FBE2C9A2E140039C592 /* FSGameContext.swift in Sources */ = {isa = PBXBuildFile; fileRef = 9E7A6FBD2C9A2E130039C592 /* FSGameContext.swift */; };
		9E7A6FD02C9A345E0039C592 /* FSStartState.swift in Sources */ = {isa = PBXBuildFile; fileRef = 9E7A6FCA2C9A30980039C592 /* FSStartState.swift */; };
		9E7A6FD12C9A346D0039C592 /* FSGameOverState.swift in Sources */ = {isa = PBXBuildFile; fileRef = 9E7A6FCB2C9A30A00039C592 /* FSGameOverState.swift */; };
		9E7A6FD22C9A346D0039C592 /* FSShootingState.swift in Sources */ = {isa = PBXBuildFile; fileRef = 9E7A6FCD2C9A30C60039C592 /* FSShootingState.swift */; };
		9E7A6FD32C9A346D0039C592 /* FSResolveShotState.swift in Sources */ = {isa = PBXBuildFile; fileRef = 9E7A6FCC2C9A30AA0039C592 /* FSResolveShotState.swift */; };
		9E7A6FD42C9A346D0039C592 /* FSIdleState.swift in Sources */ = {isa = PBXBuildFile; fileRef = 9E7A6FCE2C9A30DE0039C592 /* FSIdleState.swift */; };
		9E7A6FD62C9A34720039C592 /* FSPhysicsCategory.swift in Sources */ = {isa = PBXBuildFile; fileRef = 9E7A6FC72C9A2FE40039C592 /* FSPhysicsCategory.swift */; };
		9E7A6FD72C9A347A0039C592 /* FSGameInfo.swift in Sources */ = {isa = PBXBuildFile; fileRef = 9E7A6FC82C9A30030039C592 /* FSGameInfo.swift */; };
		9E7A6FD82C9A347A0039C592 /* FSLayoutInfo.swift in Sources */ = {isa = PBXBuildFile; fileRef = 9E7A6FC92C9A300A0039C592 /* FSLayoutInfo.swift */; };
		9E7A6FD92C9A347F0039C592 /* FSBallNode.swift in Sources */ = {isa = PBXBuildFile; fileRef = 9E7A6FC32C9A2FA50039C592 /* FSBallNode.swift */; };
		9E7A6FDA2C9A347F0039C592 /* FSBlockNode.swift in Sources */ = {isa = PBXBuildFile; fileRef = 9E7A6FC42C9A2FAC0039C592 /* FSBlockNode.swift */; };
		9E7A6FDB2C9A347F0039C592 /* FSPowerUpNode.swift in Sources */ = {isa = PBXBuildFile; fileRef = 9E7A6FC52C9A2FBB0039C592 /* FSPowerUpNode.swift */; };
		9E7A6FDF2C9A36CF0039C592 /* FSTargetLineNode.swift in Sources */ = {isa = PBXBuildFile; fileRef = 9E7A6FDE2C9A36CB0039C592 /* FSTargetLineNode.swift */; };
		9E7A6FE12C9A36DD0039C592 /* FSRoundCountNode.swift in Sources */ = {isa = PBXBuildFile; fileRef = 9E7A6FE02C9A36DA0039C592 /* FSRoundCountNode.swift */; };
		9E7A6FE32C9A36E60039C592 /* FSBackgroundNode.swift in Sources */ = {isa = PBXBuildFile; fileRef = 9E7A6FE22C9A36E30039C592 /* FSBackgroundNode.swift */; };
		9E7A6FE52C9A37110039C592 /* ballsApp.swift in Sources */ = {isa = PBXBuildFile; fileRef = 9E7A6FE42C9A370D0039C592 /* ballsApp.swift */; };
		9E7A6FE72C9A37200039C592 /* ContentView.swift in Sources */ = {isa = PBXBuildFile; fileRef = 9E7A6FE62C9A371F0039C592 /* ContentView.swift */; };
		9E7A6FE92C9A39B30039C592 /* FSPlayAreaNode.swift in Sources */ = {isa = PBXBuildFile; fileRef = 9E7A6FE82C9A39AF0039C592 /* FSPlayAreaNode.swift */; };
		9E7A6FEB2C9A39CF0039C592 /* FSBallCountNode.swift in Sources */ = {isa = PBXBuildFile; fileRef = 9E7A6FEA2C9A39CC0039C592 /* FSBallCountNode.swift */; };
		9E7A6FED2C9A39D80039C592 /* FSShooterNode.swift in Sources */ = {isa = PBXBuildFile; fileRef = 9E7A6FEC2C9A39D20039C592 /* FSShooterNode.swift */; };
		9E7A6FF12C9A85E10039C592 /* FSFastForwardNode.swift in Sources */ = {isa = PBXBuildFile; fileRef = 9E7A6FF02C9A85DD0039C592 /* FSFastForwardNode.swift */; };
		9E7A6FF32C9A93C90039C592 /* FSBonusBallNode.swift in Sources */ = {isa = PBXBuildFile; fileRef = 9E7A6FF22C9A93C50039C592 /* FSBonusBallNode.swift */; };
		9E7A6FF72C9B81F60039C592 /* FSPowerUpSlotNode.swift in Sources */ = {isa = PBXBuildFile; fileRef = 9E7A6FF62C9B81F60039C592 /* FSPowerUpSlotNode.swift */; };
/* End PBXBuildFile section */

/* Begin PBXFileReference section */
		9E1313C02C9CCA2D006B9F2A /* FSBlockExplosionEmitter.sks */ = {isa = PBXFileReference; lastKnownFileType = file.sks; path = FSBlockExplosionEmitter.sks; sourceTree = "<group>"; };
		9E7A6F942C9A2C280039C592 /* balls.app */ = {isa = PBXFileReference; explicitFileType = wrapper.application; includeInIndex = 0; path = balls.app; sourceTree = BUILT_PRODUCTS_DIR; };
		9E7A6FAC2C9A2D710039C592 /* Assets.xcassets */ = {isa = PBXFileReference; lastKnownFileType = folder.assetcatalog; path = Assets.xcassets; sourceTree = "<group>"; };
		9E7A6FAE2C9A2D710039C592 /* FSGameScene.swift */ = {isa = PBXFileReference; lastKnownFileType = sourcecode.swift; path = FSGameScene.swift; sourceTree = "<group>"; };
		9E7A6FBD2C9A2E130039C592 /* FSGameContext.swift */ = {isa = PBXFileReference; lastKnownFileType = sourcecode.swift; path = FSGameContext.swift; sourceTree = "<group>"; };
		9E7A6FC32C9A2FA50039C592 /* FSBallNode.swift */ = {isa = PBXFileReference; lastKnownFileType = sourcecode.swift; path = FSBallNode.swift; sourceTree = "<group>"; };
		9E7A6FC42C9A2FAC0039C592 /* FSBlockNode.swift */ = {isa = PBXFileReference; lastKnownFileType = sourcecode.swift; path = FSBlockNode.swift; sourceTree = "<group>"; };
		9E7A6FC52C9A2FBB0039C592 /* FSPowerUpNode.swift */ = {isa = PBXFileReference; lastKnownFileType = sourcecode.swift; path = FSPowerUpNode.swift; sourceTree = "<group>"; };
		9E7A6FC72C9A2FE40039C592 /* FSPhysicsCategory.swift */ = {isa = PBXFileReference; lastKnownFileType = sourcecode.swift; path = FSPhysicsCategory.swift; sourceTree = "<group>"; };
		9E7A6FC82C9A30030039C592 /* FSGameInfo.swift */ = {isa = PBXFileReference; lastKnownFileType = sourcecode.swift; path = FSGameInfo.swift; sourceTree = "<group>"; };
		9E7A6FC92C9A300A0039C592 /* FSLayoutInfo.swift */ = {isa = PBXFileReference; lastKnownFileType = sourcecode.swift; path = FSLayoutInfo.swift; sourceTree = "<group>"; };
		9E7A6FCA2C9A30980039C592 /* FSStartState.swift */ = {isa = PBXFileReference; lastKnownFileType = sourcecode.swift; path = FSStartState.swift; sourceTree = "<group>"; };
		9E7A6FCB2C9A30A00039C592 /* FSGameOverState.swift */ = {isa = PBXFileReference; lastKnownFileType = sourcecode.swift; path = FSGameOverState.swift; sourceTree = "<group>"; };
		9E7A6FCC2C9A30AA0039C592 /* FSResolveShotState.swift */ = {isa = PBXFileReference; lastKnownFileType = sourcecode.swift; path = FSResolveShotState.swift; sourceTree = "<group>"; };
		9E7A6FCD2C9A30C60039C592 /* FSShootingState.swift */ = {isa = PBXFileReference; lastKnownFileType = sourcecode.swift; path = FSShootingState.swift; sourceTree = "<group>"; };
		9E7A6FCE2C9A30DE0039C592 /* FSIdleState.swift */ = {isa = PBXFileReference; lastKnownFileType = sourcecode.swift; path = FSIdleState.swift; sourceTree = "<group>"; };
		9E7A6FDE2C9A36CB0039C592 /* FSTargetLineNode.swift */ = {isa = PBXFileReference; lastKnownFileType = sourcecode.swift; path = FSTargetLineNode.swift; sourceTree = "<group>"; };
		9E7A6FE02C9A36DA0039C592 /* FSRoundCountNode.swift */ = {isa = PBXFileReference; lastKnownFileType = sourcecode.swift; path = FSRoundCountNode.swift; sourceTree = "<group>"; };
		9E7A6FE22C9A36E30039C592 /* FSBackgroundNode.swift */ = {isa = PBXFileReference; lastKnownFileType = sourcecode.swift; path = FSBackgroundNode.swift; sourceTree = "<group>"; };
		9E7A6FE42C9A370D0039C592 /* ballsApp.swift */ = {isa = PBXFileReference; lastKnownFileType = sourcecode.swift; path = ballsApp.swift; sourceTree = "<group>"; };
		9E7A6FE62C9A371F0039C592 /* ContentView.swift */ = {isa = PBXFileReference; lastKnownFileType = sourcecode.swift; path = ContentView.swift; sourceTree = "<group>"; };
		9E7A6FE82C9A39AF0039C592 /* FSPlayAreaNode.swift */ = {isa = PBXFileReference; lastKnownFileType = sourcecode.swift; path = FSPlayAreaNode.swift; sourceTree = "<group>"; };
		9E7A6FEA2C9A39CC0039C592 /* FSBallCountNode.swift */ = {isa = PBXFileReference; lastKnownFileType = sourcecode.swift; path = FSBallCountNode.swift; sourceTree = "<group>"; };
		9E7A6FEC2C9A39D20039C592 /* FSShooterNode.swift */ = {isa = PBXFileReference; lastKnownFileType = sourcecode.swift; path = FSShooterNode.swift; sourceTree = "<group>"; };
		9E7A6FF02C9A85DD0039C592 /* FSFastForwardNode.swift */ = {isa = PBXFileReference; lastKnownFileType = sourcecode.swift; path = FSFastForwardNode.swift; sourceTree = "<group>"; };
		9E7A6FF22C9A93C50039C592 /* FSBonusBallNode.swift */ = {isa = PBXFileReference; lastKnownFileType = sourcecode.swift; path = FSBonusBallNode.swift; sourceTree = "<group>"; };
		9E7A6FF62C9B81F60039C592 /* FSPowerUpSlotNode.swift */ = {isa = PBXFileReference; lastKnownFileType = sourcecode.swift; path = FSPowerUpSlotNode.swift; sourceTree = "<group>"; };
/* End PBXFileReference section */

/* Begin PBXFrameworksBuildPhase section */
		9E7A6F912C9A2C280039C592 /* Frameworks */ = {
			isa = PBXFrameworksBuildPhase;
			buildActionMask = 2147483647;
			files = (
			);
			runOnlyForDeploymentPostprocessing = 0;
		};
/* End PBXFrameworksBuildPhase section */

/* Begin PBXGroup section */
		9E1313C52C9D2009006B9F2A /* Layout */ = {
			isa = PBXGroup;
			children = (
				9E7A6FE82C9A39AF0039C592 /* FSPlayAreaNode.swift */,
				9E7A6FE22C9A36E30039C592 /* FSBackgroundNode.swift */,
				9E7A6FE02C9A36DA0039C592 /* FSRoundCountNode.swift */,
				9E7A6FEA2C9A39CC0039C592 /* FSBallCountNode.swift */,
				9E7A6FF02C9A85DD0039C592 /* FSFastForwardNode.swift */,
			);
			path = Layout;
			sourceTree = "<group>";
		};
		9E1313C62C9D201E006B9F2A /* Agents */ = {
			isa = PBXGroup;
			children = (
				9E7A6FEC2C9A39D20039C592 /* FSShooterNode.swift */,
				9E7A6FDE2C9A36CB0039C592 /* FSTargetLineNode.swift */,
				9E7A6FC42C9A2FAC0039C592 /* FSBlockNode.swift */,
				9E7A6FC32C9A2FA50039C592 /* FSBallNode.swift */,
			);
			path = Agents;
			sourceTree = "<group>";
		};
		9E1313C72C9D2033006B9F2A /* Extras */ = {
			isa = PBXGroup;
			children = (
				9E7A6FF62C9B81F60039C592 /* FSPowerUpSlotNode.swift */,
				9E7A6FC52C9A2FBB0039C592 /* FSPowerUpNode.swift */,
				9E7A6FF22C9A93C50039C592 /* FSBonusBallNode.swift */,
			);
			path = Extras;
			sourceTree = "<group>";
		};
		9E7A6F862C9A2C260039C592 = {
			isa = PBXGroup;
			children = (
				9E7A6FAC2C9A2D710039C592 /* Assets.xcassets */,
				9E7A6FC62C9A2FDC0039C592 /* Models */,
				9E7A6FC12C9A2EB40039C592 /* Helpers */,
				9E7A6FC02C9A2E470039C592 /* Nodes */,
				9E7A6FBF2C9A2E400039C592 /* States */,
				9E7A6FE42C9A370D0039C592 /* ballsApp.swift */,
				9E7A6FE62C9A371F0039C592 /* ContentView.swift */,
				9E7A6FBD2C9A2E130039C592 /* FSGameContext.swift */,
				9E7A6FAE2C9A2D710039C592 /* FSGameScene.swift */,
				9E7A6F952C9A2C280039C592 /* Products */,
			);
			sourceTree = "<group>";
		};
		9E7A6F952C9A2C280039C592 /* Products */ = {
			isa = PBXGroup;
			children = (
				9E7A6F942C9A2C280039C592 /* balls.app */,
			);
			name = Products;
			sourceTree = "<group>";
		};
		9E7A6FBF2C9A2E400039C592 /* States */ = {
			isa = PBXGroup;
			children = (
				9E7A6FCA2C9A30980039C592 /* FSStartState.swift */,
				9E7A6FCE2C9A30DE0039C592 /* FSIdleState.swift */,
				9E7A6FCD2C9A30C60039C592 /* FSShootingState.swift */,
				9E7A6FCC2C9A30AA0039C592 /* FSResolveShotState.swift */,
				9E7A6FCB2C9A30A00039C592 /* FSGameOverState.swift */,
			);
			path = States;
			sourceTree = "<group>";
		};
		9E7A6FC02C9A2E470039C592 /* Nodes */ = {
			isa = PBXGroup;
			children = (
				9E1313C72C9D2033006B9F2A /* Extras */,
				9E1313C62C9D201E006B9F2A /* Agents */,
				9E1313C52C9D2009006B9F2A /* Layout */,
				9E1313C02C9CCA2D006B9F2A /* FSBlockExplosionEmitter.sks */,
			);
			path = Nodes;
			sourceTree = "<group>";
		};
		9E7A6FC12C9A2EB40039C592 /* Helpers */ = {
			isa = PBXGroup;
			children = (
				9E7A6FC92C9A300A0039C592 /* FSLayoutInfo.swift */,
				9E7A6FC82C9A30030039C592 /* FSGameInfo.swift */,
			);
			path = Helpers;
			sourceTree = "<group>";
		};
		9E7A6FC62C9A2FDC0039C592 /* Models */ = {
			isa = PBXGroup;
			children = (
				9E7A6FC72C9A2FE40039C592 /* FSPhysicsCategory.swift */,
			);
			path = Models;
			sourceTree = "<group>";
		};
/* End PBXGroup section */

/* Begin PBXNativeTarget section */
		9E7A6F932C9A2C280039C592 /* balls iOS */ = {
			isa = PBXNativeTarget;
			buildConfigurationList = 9E7A6FA62C9A2C280039C592 /* Build configuration list for PBXNativeTarget "balls iOS" */;
			buildPhases = (
				9E7A6F902C9A2C280039C592 /* Sources */,
				9E7A6F912C9A2C280039C592 /* Frameworks */,
				9E7A6F922C9A2C280039C592 /* Resources */,
			);
			buildRules = (
			);
			dependencies = (
			);
			name = "balls iOS";
			packageProductDependencies = (
			);
			productName = "balls iOS";
			productReference = 9E7A6F942C9A2C280039C592 /* balls.app */;
			productType = "com.apple.product-type.application";
		};
/* End PBXNativeTarget section */

/* Begin PBXProject section */
		9E7A6F872C9A2C260039C592 /* Project object */ = {
			isa = PBXProject;
			attributes = {
				BuildIndependentTargetsInParallel = 1;
				LastSwiftUpdateCheck = 1600;
				LastUpgradeCheck = 1600;
				TargetAttributes = {
					9E7A6F932C9A2C280039C592 = {
						CreatedOnToolsVersion = 16.0;
					};
				};
			};
			buildConfigurationList = 9E7A6F8A2C9A2C260039C592 /* Build configuration list for PBXProject "balls" */;
			developmentRegion = en;
			hasScannedForEncodings = 0;
			knownRegions = (
				en,
				Base,
			);
			mainGroup = 9E7A6F862C9A2C260039C592;
			minimizedProjectReferenceProxies = 1;
			preferredProjectObjectVersion = 77;
			productRefGroup = 9E7A6F952C9A2C280039C592 /* Products */;
			projectDirPath = "";
			projectRoot = "";
			targets = (
				9E7A6F932C9A2C280039C592 /* balls iOS */,
			);
		};
/* End PBXProject section */

/* Begin PBXResourcesBuildPhase section */
		9E7A6F922C9A2C280039C592 /* Resources */ = {
			isa = PBXResourcesBuildPhase;
			buildActionMask = 2147483647;
			files = (
				9E1313C22C9CCA2D006B9F2A /* FSBlockExplosionEmitter.sks in Resources */,
				9E7A6FB22C9A2D710039C592 /* Assets.xcassets in Resources */,
			);
			runOnlyForDeploymentPostprocessing = 0;
		};
/* End PBXResourcesBuildPhase section */

/* Begin PBXSourcesBuildPhase section */
		9E7A6F902C9A2C280039C592 /* Sources */ = {
			isa = PBXSourcesBuildPhase;
			buildActionMask = 2147483647;
			files = (
				9E7A6FBE2C9A2E140039C592 /* FSGameContext.swift in Sources */,
				9E7A6FAF2C9A2D710039C592 /* FSGameScene.swift in Sources */,
				9E7A6FD12C9A346D0039C592 /* FSGameOverState.swift in Sources */,
				9E7A6FF12C9A85E10039C592 /* FSFastForwardNode.swift in Sources */,
				9E7A6FE52C9A37110039C592 /* ballsApp.swift in Sources */,
				9E7A6FED2C9A39D80039C592 /* FSShooterNode.swift in Sources */,
				9E7A6FD62C9A34720039C592 /* FSPhysicsCategory.swift in Sources */,
				9E7A6FE92C9A39B30039C592 /* FSPlayAreaNode.swift in Sources */,
				9E7A6FDF2C9A36CF0039C592 /* FSTargetLineNode.swift in Sources */,
				9E7A6FE72C9A37200039C592 /* ContentView.swift in Sources */,
				9E7A6FD72C9A347A0039C592 /* FSGameInfo.swift in Sources */,
				9E7A6FD82C9A347A0039C592 /* FSLayoutInfo.swift in Sources */,
				9E7A6FD22C9A346D0039C592 /* FSShootingState.swift in Sources */,
				9E7A6FD32C9A346D0039C592 /* FSResolveShotState.swift in Sources */,
				9E7A6FF32C9A93C90039C592 /* FSBonusBallNode.swift in Sources */,
				9E7A6FE32C9A36E60039C592 /* FSBackgroundNode.swift in Sources */,
				9E7A6FF72C9B81F60039C592 /* FSPowerUpSlotNode.swift in Sources */,
				9E7A6FD42C9A346D0039C592 /* FSIdleState.swift in Sources */,
				9E7A6FD92C9A347F0039C592 /* FSBallNode.swift in Sources */,
				9E7A6FDA2C9A347F0039C592 /* FSBlockNode.swift in Sources */,
				9E7A6FE12C9A36DD0039C592 /* FSRoundCountNode.swift in Sources */,
				9E7A6FDB2C9A347F0039C592 /* FSPowerUpNode.swift in Sources */,
				9E7A6FEB2C9A39CF0039C592 /* FSBallCountNode.swift in Sources */,
				9E7A6FD02C9A345E0039C592 /* FSStartState.swift in Sources */,
			);
			runOnlyForDeploymentPostprocessing = 0;
		};
/* End PBXSourcesBuildPhase section */

/* Begin XCBuildConfiguration section */
		9E7A6FA72C9A2C280039C592 /* Debug */ = {
			isa = XCBuildConfiguration;
			buildSettings = {
				ASSETCATALOG_COMPILER_APPICON_NAME = AppIcon;
				ASSETCATALOG_COMPILER_GLOBAL_ACCENT_COLOR_NAME = AccentColor;
				CODE_SIGN_STYLE = Automatic;
				CURRENT_PROJECT_VERSION = 1;
				DEVELOPMENT_TEAM = AWR22479M4;
				GENERATE_INFOPLIST_FILE = YES;
				INFOPLIST_KEY_CFBundleDisplayName = FruitShoot;
				INFOPLIST_KEY_UIApplicationSupportsIndirectInputEvents = YES;
				INFOPLIST_KEY_UILaunchStoryboardName = LaunchScreen;
				INFOPLIST_KEY_UIStatusBarHidden = YES;
				INFOPLIST_KEY_UISupportedInterfaceOrientations = UIInterfaceOrientationPortrait;
				INFOPLIST_KEY_UISupportedInterfaceOrientations_iPad = "UIInterfaceOrientationLandscapeLeft UIInterfaceOrientationLandscapeRight UIInterfaceOrientationPortrait";
				IPHONEOS_DEPLOYMENT_TARGET = 17.0;
				LD_RUNPATH_SEARCH_PATHS = (
					"$(inherited)",
					"@executable_path/Frameworks",
				);
				MARKETING_VERSION = 1.0;
				PRODUCT_BUNDLE_IDENTIFIER = com.hyel.balls;
				PRODUCT_NAME = balls;
				SDKROOT = iphoneos;
				SWIFT_EMIT_LOC_STRINGS = YES;
				SWIFT_VERSION = 5.0;
				TARGETED_DEVICE_FAMILY = "1,2";
			};
			name = Debug;
		};
		9E7A6FA82C9A2C280039C592 /* Release */ = {
			isa = XCBuildConfiguration;
			buildSettings = {
				ASSETCATALOG_COMPILER_APPICON_NAME = AppIcon;
				ASSETCATALOG_COMPILER_GLOBAL_ACCENT_COLOR_NAME = AccentColor;
				CODE_SIGN_STYLE = Automatic;
				CURRENT_PROJECT_VERSION = 1;
				DEVELOPMENT_TEAM = AWR22479M4;
				GENERATE_INFOPLIST_FILE = YES;
				INFOPLIST_KEY_CFBundleDisplayName = FruitShoot;
				INFOPLIST_KEY_UIApplicationSupportsIndirectInputEvents = YES;
				INFOPLIST_KEY_UILaunchStoryboardName = LaunchScreen;
				INFOPLIST_KEY_UIStatusBarHidden = YES;
				INFOPLIST_KEY_UISupportedInterfaceOrientations = UIInterfaceOrientationPortrait;
				INFOPLIST_KEY_UISupportedInterfaceOrientations_iPad = "UIInterfaceOrientationLandscapeLeft UIInterfaceOrientationLandscapeRight UIInterfaceOrientationPortrait";
				IPHONEOS_DEPLOYMENT_TARGET = 17.0;
				LD_RUNPATH_SEARCH_PATHS = (
					"$(inherited)",
					"@executable_path/Frameworks",
				);
				MARKETING_VERSION = 1.0;
				PRODUCT_BUNDLE_IDENTIFIER = com.hyel.balls;
				PRODUCT_NAME = balls;
				SDKROOT = iphoneos;
				SWIFT_EMIT_LOC_STRINGS = YES;
				SWIFT_VERSION = 5.0;
				TARGETED_DEVICE_FAMILY = "1,2";
				VALIDATE_PRODUCT = YES;
			};
			name = Release;
		};
		9E7A6FA92C9A2C280039C592 /* Debug */ = {
			isa = XCBuildConfiguration;
			buildSettings = {
				ALWAYS_SEARCH_USER_PATHS = NO;
				ASSETCATALOG_COMPILER_GENERATE_SWIFT_ASSET_SYMBOL_EXTENSIONS = YES;
				CLANG_ANALYZER_NONNULL = YES;
				CLANG_ANALYZER_NUMBER_OBJECT_CONVERSION = YES_AGGRESSIVE;
				CLANG_CXX_LANGUAGE_STANDARD = "gnu++20";
				CLANG_ENABLE_MODULES = YES;
				CLANG_ENABLE_OBJC_ARC = YES;
				CLANG_ENABLE_OBJC_WEAK = YES;
				CLANG_WARN_BLOCK_CAPTURE_AUTORELEASING = YES;
				CLANG_WARN_BOOL_CONVERSION = YES;
				CLANG_WARN_COMMA = YES;
				CLANG_WARN_CONSTANT_CONVERSION = YES;
				CLANG_WARN_DEPRECATED_OBJC_IMPLEMENTATIONS = YES;
				CLANG_WARN_DIRECT_OBJC_ISA_USAGE = YES_ERROR;
				CLANG_WARN_DOCUMENTATION_COMMENTS = YES;
				CLANG_WARN_EMPTY_BODY = YES;
				CLANG_WARN_ENUM_CONVERSION = YES;
				CLANG_WARN_INFINITE_RECURSION = YES;
				CLANG_WARN_INT_CONVERSION = YES;
				CLANG_WARN_NON_LITERAL_NULL_CONVERSION = YES;
				CLANG_WARN_OBJC_IMPLICIT_RETAIN_SELF = YES;
				CLANG_WARN_OBJC_LITERAL_CONVERSION = YES;
				CLANG_WARN_OBJC_ROOT_CLASS = YES_ERROR;
				CLANG_WARN_QUOTED_INCLUDE_IN_FRAMEWORK_HEADER = YES;
				CLANG_WARN_RANGE_LOOP_ANALYSIS = YES;
				CLANG_WARN_STRICT_PROTOTYPES = YES;
				CLANG_WARN_SUSPICIOUS_MOVE = YES;
				CLANG_WARN_UNGUARDED_AVAILABILITY = YES_AGGRESSIVE;
				CLANG_WARN_UNREACHABLE_CODE = YES;
				CLANG_WARN__DUPLICATE_METHOD_MATCH = YES;
				COPY_PHASE_STRIP = NO;
				DEBUG_INFORMATION_FORMAT = dwarf;
				ENABLE_STRICT_OBJC_MSGSEND = YES;
				ENABLE_TESTABILITY = YES;
				ENABLE_USER_SCRIPT_SANDBOXING = YES;
				GCC_C_LANGUAGE_STANDARD = gnu17;
				GCC_DYNAMIC_NO_PIC = NO;
				GCC_NO_COMMON_BLOCKS = YES;
				GCC_OPTIMIZATION_LEVEL = 0;
				GCC_PREPROCESSOR_DEFINITIONS = (
					"DEBUG=1",
					"$(inherited)",
				);
				GCC_WARN_64_TO_32_BIT_CONVERSION = YES;
				GCC_WARN_ABOUT_RETURN_TYPE = YES_ERROR;
				GCC_WARN_UNDECLARED_SELECTOR = YES;
				GCC_WARN_UNINITIALIZED_AUTOS = YES_AGGRESSIVE;
				GCC_WARN_UNUSED_FUNCTION = YES;
				GCC_WARN_UNUSED_VARIABLE = YES;
				LOCALIZATION_PREFERS_STRING_CATALOGS = YES;
				MTL_ENABLE_DEBUG_INFO = INCLUDE_SOURCE;
				MTL_FAST_MATH = YES;
				ONLY_ACTIVE_ARCH = YES;
				SWIFT_ACTIVE_COMPILATION_CONDITIONS = "DEBUG $(inherited)";
				SWIFT_OPTIMIZATION_LEVEL = "-Onone";
			};
			name = Debug;
		};
		9E7A6FAA2C9A2C280039C592 /* Release */ = {
			isa = XCBuildConfiguration;
			buildSettings = {
				ALWAYS_SEARCH_USER_PATHS = NO;
				ASSETCATALOG_COMPILER_GENERATE_SWIFT_ASSET_SYMBOL_EXTENSIONS = YES;
				CLANG_ANALYZER_NONNULL = YES;
				CLANG_ANALYZER_NUMBER_OBJECT_CONVERSION = YES_AGGRESSIVE;
				CLANG_CXX_LANGUAGE_STANDARD = "gnu++20";
				CLANG_ENABLE_MODULES = YES;
				CLANG_ENABLE_OBJC_ARC = YES;
				CLANG_ENABLE_OBJC_WEAK = YES;
				CLANG_WARN_BLOCK_CAPTURE_AUTORELEASING = YES;
				CLANG_WARN_BOOL_CONVERSION = YES;
				CLANG_WARN_COMMA = YES;
				CLANG_WARN_CONSTANT_CONVERSION = YES;
				CLANG_WARN_DEPRECATED_OBJC_IMPLEMENTATIONS = YES;
				CLANG_WARN_DIRECT_OBJC_ISA_USAGE = YES_ERROR;
				CLANG_WARN_DOCUMENTATION_COMMENTS = YES;
				CLANG_WARN_EMPTY_BODY = YES;
				CLANG_WARN_ENUM_CONVERSION = YES;
				CLANG_WARN_INFINITE_RECURSION = YES;
				CLANG_WARN_INT_CONVERSION = YES;
				CLANG_WARN_NON_LITERAL_NULL_CONVERSION = YES;
				CLANG_WARN_OBJC_IMPLICIT_RETAIN_SELF = YES;
				CLANG_WARN_OBJC_LITERAL_CONVERSION = YES;
				CLANG_WARN_OBJC_ROOT_CLASS = YES_ERROR;
				CLANG_WARN_QUOTED_INCLUDE_IN_FRAMEWORK_HEADER = YES;
				CLANG_WARN_RANGE_LOOP_ANALYSIS = YES;
				CLANG_WARN_STRICT_PROTOTYPES = YES;
				CLANG_WARN_SUSPICIOUS_MOVE = YES;
				CLANG_WARN_UNGUARDED_AVAILABILITY = YES_AGGRESSIVE;
				CLANG_WARN_UNREACHABLE_CODE = YES;
				CLANG_WARN__DUPLICATE_METHOD_MATCH = YES;
				COPY_PHASE_STRIP = NO;
				DEBUG_INFORMATION_FORMAT = "dwarf-with-dsym";
				ENABLE_NS_ASSERTIONS = NO;
				ENABLE_STRICT_OBJC_MSGSEND = YES;
				ENABLE_USER_SCRIPT_SANDBOXING = YES;
				GCC_C_LANGUAGE_STANDARD = gnu17;
				GCC_NO_COMMON_BLOCKS = YES;
				GCC_WARN_64_TO_32_BIT_CONVERSION = YES;
				GCC_WARN_ABOUT_RETURN_TYPE = YES_ERROR;
				GCC_WARN_UNDECLARED_SELECTOR = YES;
				GCC_WARN_UNINITIALIZED_AUTOS = YES_AGGRESSIVE;
				GCC_WARN_UNUSED_FUNCTION = YES;
				GCC_WARN_UNUSED_VARIABLE = YES;
				LOCALIZATION_PREFERS_STRING_CATALOGS = YES;
				MTL_ENABLE_DEBUG_INFO = NO;
				MTL_FAST_MATH = YES;
				SWIFT_COMPILATION_MODE = wholemodule;
			};
			name = Release;
		};
/* End XCBuildConfiguration section */

/* Begin XCConfigurationList section */
		9E7A6F8A2C9A2C260039C592 /* Build configuration list for PBXProject "balls" */ = {
			isa = XCConfigurationList;
			buildConfigurations = (
				9E7A6FA92C9A2C280039C592 /* Debug */,
				9E7A6FAA2C9A2C280039C592 /* Release */,
			);
			defaultConfigurationIsVisible = 0;
			defaultConfigurationName = Release;
		};
		9E7A6FA62C9A2C280039C592 /* Build configuration list for PBXNativeTarget "balls iOS" */ = {
			isa = XCConfigurationList;
			buildConfigurations = (
				9E7A6FA72C9A2C280039C592 /* Debug */,
				9E7A6FA82C9A2C280039C592 /* Release */,
			);
			defaultConfigurationIsVisible = 0;
			defaultConfigurationName = Release;
		};
/* End XCConfigurationList section */
	};
	rootObject = 9E7A6F872C9A2C260039C592 /* Project object */;
}
